
Microsoft Visual Studio Solution File, Format Version 12.00
# Visual Studio Version 17
VisualStudioVersion = 17.6.33815.320
MinimumVisualStudioVersion = 10.0.40219.1
Project("{FAE04EC0-301F-11D3-BF4B-00C04F79EFBC}") = "GFA.OOP", "GFA.OOP\GFA.OOP.csproj", "{A083AF89-4C56-43B7-A7C8-DAADE87FEAB7}"
EndProject
Global
	GlobalSection(SolutionConfigurationPlatforms) = preSolution
		Debug|Any CPU = Debug|Any CPU
		Release|Any CPU = Release|Any CPU
	EndGlobalSection
	GlobalSection(ProjectConfigurationPlatforms) = postSolution
		{A083AF89-4C56-43B7-A7C8-DAADE87FEAB7}.Debug|Any CPU.ActiveCfg = Debug|Any CPU
		{A083AF89-4C56-43B7-A7C8-DAADE87FEAB7}.Debug|Any CPU.Build.0 = Debug|Any CPU
		{A083AF89-4C56-43B7-A7C8-DAADE87FEAB7}.Release|Any CPU.ActiveCfg = Release|Any CPU
		{A083AF89-4C56-43B7-A7C8-DAADE87FEAB7}.Release|Any CPU.Build.0 = Release|Any CPU
	EndGlobalSection
	GlobalSection(SolutionProperties) = preSolution
		HideSolutionNode = FALSE
	EndGlobalSection
	GlobalSection(ExtensibilityGlobals) = postSolution
		SolutionGuid = {A8E6C3CA-2B6A-4FA8-AD8C-801F5ACC79E1}
	EndGlobalSection
EndGlobal
